{
  "name": "GameShowcase",
  "lockfileVersion": 3,
  "requires": true,
  "packages": {
    "": {
      "dependencies": {
        "@tanstack/query-async-storage-persister": "^5.83.0"
      }
    },
    "node_modules/@tanstack/query-async-storage-persister": {
      "version": "5.83.0",
      "resolved": "https://registry.npmjs.org/@tanstack/query-async-storage-persister/-/query-async-storage-persister-5.83.0.tgz",
      "integrity": "sha512-kONVCkTndW+UDspJUQKbd4hCdun+uIn2RXxpzlXYWxlefIfNjcIvefJ0+7xpap6nDqRLXIuaMaCZmFFw56uE+Q==",
      "license": "MIT",
      "dependencies": {
        "@tanstack/query-persist-client-core": "5.83.0"
      },
      "funding": {
        "type": "github",
        "url": "https://github.com/sponsors/tannerlinsley"
      }
    },
    "node_modules/@tanstack/query-core": {
      "version": "5.83.0",
      "resolved": "https://registry.npmjs.org/@tanstack/query-core/-/query-core-5.83.0.tgz",
      "integrity": "sha512-0M8dA+amXUkyz5cVUm/B+zSk3xkQAcuXuz5/Q/LveT4ots2rBpPTZOzd7yJa2Utsf8D2Upl5KyjhHRY+9lB/XA==",
      "license": "MIT",
      "funding": {
        "type": "github",
        "url": "https://github.com/sponsors/tannerlinsley"
      }
    },
    "node_modules/@tanstack/query-persist-client-core": {
      "version": "5.83.0",
      "resolved": "https://registry.npmjs.org/@tanstack/query-persist-client-core/-/query-persist-client-core-5.83.0.tgz",
      "integrity": "sha512-hdKgHkr1MYnwZX+QHj/9JjXZx9gL2RUCD5xSX0EHZiqUQhMk4Gcryq9xosn8LmYRMlhkjk7n9uV+X4UXRvgoIg==",
      "license": "MIT",
      "dependencies": {
        "@tanstack/query-core": "5.83.0"
      },
      "funding": {
        "type": "github",
        "url": "https://github.com/sponsors/tannerlinsley"
      }
    }
  }
}
